Microsoft Visual Studio Solution File, Format Version 12.00
# Visual Studio Version 17
VisualStudioVersion = 17.5.2.0
MinimumVisualStudioVersion = 10.0.40219.1
Project("{FAE04EC0-301F-11D3-BF4B-00C04F79EFBC}") = "HousewarmingRegistry.API", "HousewarmingRegistry.API.csproj", "{64EDE089-3E37-31CA-568C-09F1CEDDD59D}"
EndProject
Global
	GlobalSection(SolutionConfigurationPlatforms) = preSolution
		Debug|Any CPU = Debug|Any CPU
		Release|Any CPU = Release|Any CPU
	EndGlobalSection
	GlobalSection(ProjectConfigurationPlatforms) = postSolution
		{64EDE089-3E37-31CA-568C-09F1CEDDD59D}.Debug|Any CPU.ActiveCfg = Debug|Any CPU
		{64EDE089-3E37-31CA-568C-09F1CEDDD59D}.Debug|Any CPU.Build.0 = Debug|Any CPU
		{64EDE089-3E37-31CA-568C-09F1CEDDD59D}.Release|Any CPU.ActiveCfg = Release|Any CPU
		{64EDE089-3E37-31CA-568C-09F1CEDDD59D}.Release|Any CPU.Build.0 = Release|Any CPU
	EndGlobalSection
	GlobalSection(SolutionProperties) = preSolution
		HideSolutionNode = FALSE
	EndGlobalSection
	GlobalSection(ExtensibilityGlobals) = postSolution
		SolutionGuid = {4DD0B99B-4371-4FCC-841B-FF6C6C52316F}
	EndGlobalSection
EndGlobal
